{
	"name": "@zcong/nest-stack-context",
	"version": "0.5.1",
	"lockfileVersion": 1,
	"requires": true,
	"dependencies": {
		"@types/node": {
			"version": "12.12.12",
			"resolved": "https://registry.npmjs.org/@types/node/-/node-12.12.12.tgz",
			"integrity": "sha512-MGuvYJrPU0HUwqF7LqvIj50RZUX23Z+m583KBygKYUZLlZ88n6w28XRNJRJgsHukLEnLz6w6SvxZoLgbr5wLqQ==",
			"dev": true
		},
		"@types/uuid": {
			"version": "3.4.6",
			"resolved": "https://registry.npmjs.org/@types/uuid/-/uuid-3.4.6.tgz",
			"integrity": "sha512-cCdlC/1kGEZdEglzOieLDYBxHsvEOIg7kp/2FYyVR9Pxakq+Qf/inL3RKQ+PA8gOlI/NnL+fXmQH12nwcGzsHw==",
			"dev": true,
			"requires": {
				"@types/node": "*"
			}
		},
		"asyncctx": {
			"version": "2.0.9",
			"resolved": "https://registry.npmjs.org/asyncctx/-/asyncctx-2.0.9.tgz",
			"integrity": "sha512-hiJiu6jufmcKE7XHb8VzM0WSvX+FgIKyFN0HRzc5ScPY6TQ3Y9RPoTV3oA/5hGnfETA+O/FMBg5KTwZeRPr5JQ=="
		},
		"uuid": {
			"version": "3.3.3",
			"resolved": "https://registry.npmjs.org/uuid/-/uuid-3.3.3.tgz",
			"integrity": "sha512-pW0No1RGHgzlpHJO1nsVrHKpOEIxkGg1xB+v0ZmdNH5OAeAwzAVrCnI2/6Mtx+Uys6iaylxa+D3g4j63IKKjSQ=="
		}
	}
}
