{
	"name": "@zcong/nest-stack-config",
	"version": "0.9.0",
	"lockfileVersion": 1,
	"requires": true,
	"dependencies": {
		"@types/object-assign-deep": {
			"version": "0.4.0",
			"resolved": "https://registry.npmjs.org/@types/object-assign-deep/-/object-assign-deep-0.4.0.tgz",
			"integrity": "sha512-3D0F3rHRNDc8cQSXNzwF1jBrJi28Mdrhc10ZLlqbJWDPYRWTTWB9Tc8JoKrgBvLKioXoPoHT6Uzf3s2F7akCUg==",
			"dev": true
		},
		"object-assign-deep": {
			"version": "0.4.0",
			"resolved": "https://registry.npmjs.org/object-assign-deep/-/object-assign-deep-0.4.0.tgz",
			"integrity": "sha512-54Uvn3s+4A/cMWx9tlRez1qtc7pN7pbQ+Yi7mjLjcBpWLlP+XbSHiHbQW6CElDiV4OvuzqnMrBdkgxI1mT8V/Q=="
		}
	}
}
